
Microsoft Visual Studio Solution File, Format Version 12.00
# Visual Studio Version 17
VisualStudioVersion = 17.8.34330.188
MinimumVisualStudioVersion = 10.0.40219.1
Project("{FAE04EC0-301F-11D3-BF4B-00C04F79EFBC}") = "ResturantManagementSystem", "ResturantManagementSystem\ResturantManagementSystem.csproj", "{279ECC0D-E005-4FF0-897E-23E609DEE81E}"
EndProject
Global
	GlobalSection(SolutionConfigurationPlatforms) = preSolution
		Debug|Any CPU = Debug|Any CPU
		Release|Any CPU = Release|Any CPU
	EndGlobalSection
	GlobalSection(ProjectConfigurationPlatforms) = postSolution
		{279ECC0D-E005-4FF0-897E-23E609DEE81E}.Debug|Any CPU.ActiveCfg = Debug|Any CPU
		{279ECC0D-E005-4FF0-897E-23E609DEE81E}.Debug|Any CPU.Build.0 = Debug|Any CPU
		{279ECC0D-E005-4FF0-897E-23E609DEE81E}.Release|Any CPU.ActiveCfg = Release|Any CPU
		{279ECC0D-E005-4FF0-897E-23E609DEE81E}.Release|Any CPU.Build.0 = Release|Any CPU
	EndGlobalSection
	GlobalSection(SolutionProperties) = preSolution
		HideSolutionNode = FALSE
	EndGlobalSection
	GlobalSection(ExtensibilityGlobals) = postSolution
		SolutionGuid = {E51991FE-0CC3-4999-ADAA-D0C77CCD3E7A}
	EndGlobalSection
EndGlobal
